
Microsoft Visual Studio Solution File, Format Version 12.00
# Visual Studio 14
VisualStudioVersion = 14.0.24720.0
MinimumVisualStudioVersion = 10.0.40219.1
Project("{2150E333-8FDC-42A3-9474-1A3956D46DE8}") = "Solution Items", "Solution Items", "{47C0086D-577C-43DA-ADC7-544F27656E45}"
	ProjectSection(SolutionItems) = preProject
		..\..\CreatingTargets.md = ..\..\CreatingTargets.md
		..\..\tool\resources\org\antlr\v4\tool\templates\codegen\CSharp\CSharp.stg = ..\..\tool\resources\org\antlr\v4\tool\templates\codegen\CSharp\CSharp.stg
		..\..\tool\src\org\antlr\v4\codegen\CSharpTarget.java = ..\..\tool\src\org\antlr\v4\codegen\CSharpTarget.java
		..\..\LICENSE.txt = ..\..\LICENSE.txt
		..\..\tool\pom.xml = ..\..\tool\pom.xml
		..\..\Readme.md = ..\..\Readme.md
		..\..\reference\sharpen-all-options.txt = ..\..\reference\sharpen-all-options.txt
		..\..\reference\sharpen.md = ..\..\reference\sharpen.md
	EndProjectSection
EndProject
Project("{FAE04EC0-301F-11D3-BF4B-00C04F79EFBC}") = "Antlr4BuildTasks.net40", "Antlr4BuildTasks\Antlr4BuildTasks.net40.csproj", "{F63DFE80-AE1F-47A6-A31A-E39DA4C837BA}"
EndProject
Project("{FAE04EC0-301F-11D3-BF4B-00C04F79EFBC}") = "Antlr4BuildTasks.net35", "Antlr4BuildTasks\Antlr4BuildTasks.net35.csproj", "{0D3D20E9-3341-4449-80E7-76A4534F0E55}"
EndProject
Project("{2150E333-8FDC-42A3-9474-1A3956D46DE8}") = "build", "build", "{4CE79A54-058D-4940-875E-7F6AA9922A7D}"
	ProjectSection(SolutionItems) = preProject
		..\..\build\Antlr4.nuspec = ..\..\build\Antlr4.nuspec
		..\..\build\Antlr4.Runtime.nuspec = ..\..\build\Antlr4.Runtime.nuspec
		..\..\build\Antlr4.VS2008.nuspec = ..\..\build\Antlr4.VS2008.nuspec
		..\..\build\build.ps1 = ..\..\build\build.ps1
		..\..\build\check-key.ps1 = ..\..\build\check-key.ps1
		..\..\build\keys.ps1 = ..\..\build\keys.ps1
		..\..\build\push.ps1 = ..\..\build\push.ps1
		..\..\build\version.ps1 = ..\..\build\version.ps1
	EndProjectSection
EndProject
Project("{8BB2217D-0F2D-49D1-97BC-3654ED321F3B}") = "Antlr4.Runtime.dotnet", "Antlr4.Runtime\Antlr4.Runtime.dotnet.xproj", "{AEEB908F-1414-4F41-A06C-036226F60821}"
EndProject
Global
	GlobalSection(SolutionConfigurationPlatforms) = preSolution
		Debug|Any CPU = Debug|Any CPU
		Release|Any CPU = Release|Any CPU
	EndGlobalSection
	GlobalSection(ProjectConfigurationPlatforms) = postSolution
		{F63DFE80-AE1F-47A6-A31A-E39DA4C837BA}.Debug|Any CPU.ActiveCfg = Debug|Any CPU
		{F63DFE80-AE1F-47A6-A31A-E39DA4C837BA}.Debug|Any CPU.Build.0 = Debug|Any CPU
		{F63DFE80-AE1F-47A6-A31A-E39DA4C837BA}.Release|Any CPU.ActiveCfg = Release|Any CPU
		{F63DFE80-AE1F-47A6-A31A-E39DA4C837BA}.Release|Any CPU.Build.0 = Release|Any CPU
		{0D3D20E9-3341-4449-80E7-76A4534F0E55}.Debug|Any CPU.ActiveCfg = Debug|Any CPU
		{0D3D20E9-3341-4449-80E7-76A4534F0E55}.Debug|Any CPU.Build.0 = Debug|Any CPU
		{0D3D20E9-3341-4449-80E7-76A4534F0E55}.Release|Any CPU.ActiveCfg = Release|Any CPU
		{0D3D20E9-3341-4449-80E7-76A4534F0E55}.Release|Any CPU.Build.0 = Release|Any CPU
		{AEEB908F-1414-4F41-A06C-036226F60821}.Debug|Any CPU.ActiveCfg = Debug|Any CPU
		{AEEB908F-1414-4F41-A06C-036226F60821}.Debug|Any CPU.Build.0 = Debug|Any CPU
		{AEEB908F-1414-4F41-A06C-036226F60821}.Release|Any CPU.ActiveCfg = Release|Any CPU
		{AEEB908F-1414-4F41-A06C-036226F60821}.Release|Any CPU.Build.0 = Release|Any CPU
	EndGlobalSection
	GlobalSection(SolutionProperties) = preSolution
		HideSolutionNode = FALSE
	EndGlobalSection
	GlobalSection(NestedProjects) = preSolution
		{4CE79A54-058D-4940-875E-7F6AA9922A7D} = {47C0086D-577C-43DA-ADC7-544F27656E45}
	EndGlobalSection
EndGlobal
